
Microsoft Visual Studio Solution File, Format Version 12.00
# Visual Studio Version 17
VisualStudioVersion = 17.5.33414.496
MinimumVisualStudioVersion = 10.0.40219.1
Project("{FAE04EC0-301F-11D3-BF4B-00C04F79EFBC}") = "TP1BD1", "TP1BD1\TP1BD1.csproj", "{E41AC0A9-9E45-42A9-B5B9-49E877A2BF56}"
EndProject
Global
	GlobalSection(SolutionConfigurationPlatforms) = preSolution
		Debug|Any CPU = Debug|Any CPU
		Release|Any CPU = Release|Any CPU
	EndGlobalSection
	GlobalSection(ProjectConfigurationPlatforms) = postSolution
		{E41AC0A9-9E45-42A9-B5B9-49E877A2BF56}.Debug|Any CPU.ActiveCfg = Debug|Any CPU
		{E41AC0A9-9E45-42A9-B5B9-49E877A2BF56}.Debug|Any CPU.Build.0 = Debug|Any CPU
		{E41AC0A9-9E45-42A9-B5B9-49E877A2BF56}.Release|Any CPU.ActiveCfg = Release|Any CPU
		{E41AC0A9-9E45-42A9-B5B9-49E877A2BF56}.Release|Any CPU.Build.0 = Release|Any CPU
	EndGlobalSection
	GlobalSection(SolutionProperties) = preSolution
		HideSolutionNode = FALSE
	EndGlobalSection
	GlobalSection(ExtensibilityGlobals) = postSolution
		SolutionGuid = {F01B4867-CB69-42BB-9149-E952B7302E4E}
	EndGlobalSection
EndGlobal
